# -------------------------------------------------------------------------- #
#
# Copyright (C) 2025  Altera Corporation. All rights reserved.
# Your use of Altera Corporation's design tools, logic functions 
# and other software and tools, and any partner logic 
# functions, and any output files from any of the foregoing 
# (including device programming or simulation files), and any 
# associated documentation or information are expressly subject 
# to the terms and conditions of the Altera Program License 
# Subscription Agreement, the Altera Quartus Prime License Agreement,
# the Altera IP License Agreement, or other applicable license
# agreement, including, without limitation, that your use is for
# the sole purpose of programming logic devices manufactured by
# Altera and sold by Altera or its authorized distributors.  Please
# refer to the Altera Software License Subscription Agreements 
# on the Quartus Prime software download page.
#
# -------------------------------------------------------------------------- #
#
# Quartus Prime
# Version 25.1std.0 Build 1129 10/21/2025 SC Lite Edition
# Date created = 21:11:35  julho 07, 2026
#
# -------------------------------------------------------------------------- #
#
# Notes:
#
# 1) The default values for assignments are stored in the file:
#		rv32im_assignment_defaults.qdf
#    If this file doesn't exist, see file:
#		assignment_defaults.qdf
#
# 2) Intel recommends that you do not modify this file. This
#    file is updated automatically by the Quartus Prime software
#    and any changes you make may be lost or overwritten.
#
# -------------------------------------------------------------------------- #


set_global_assignment -name FAMILY "Cyclone IV E"
set_global_assignment -name DEVICE EP4CE115F29C7
set_global_assignment -name TOP_LEVEL_ENTITY rv32im
set_global_assignment -name ORIGINAL_QUARTUS_VERSION 25.1STD.0
set_global_assignment -name PROJECT_CREATION_TIME_DATE "21:11:35  JULHO 07, 2026"
set_global_assignment -name LAST_QUARTUS_VERSION "25.1std.0 Lite Edition"
set_global_assignment -name PROJECT_OUTPUT_DIRECTORY output_files
set_global_assignment -name MIN_CORE_JUNCTION_TEMP 0
set_global_assignment -name MAX_CORE_JUNCTION_TEMP 85
set_global_assignment -name ERROR_CHECK_FREQUENCY_DIVISOR 1
set_global_assignment -name NOMINAL_CORE_SUPPLY_VOLTAGE 1.2V
set_global_assignment -name EDA_SIMULATION_TOOL "Questa Altera FPGA (Verilog)"
set_global_assignment -name EDA_TIME_SCALE "1 ps" -section_id eda_simulation
set_global_assignment -name EDA_OUTPUT_DATA_FORMAT "VERILOG HDL" -section_id eda_simulation
set_global_assignment -name EDA_GENERATE_FUNCTIONAL_NETLIST OFF -section_id eda_board_design_timing
set_global_assignment -name EDA_GENERATE_FUNCTIONAL_NETLIST OFF -section_id eda_board_design_symbol
set_global_assignment -name EDA_GENERATE_FUNCTIONAL_NETLIST OFF -section_id eda_board_design_signal_integrity
set_global_assignment -name EDA_GENERATE_FUNCTIONAL_NETLIST OFF -section_id eda_board_design_boundary_scan
set_global_assignment -name PARTITION_NETLIST_TYPE SOURCE -section_id Top
set_global_assignment -name PARTITION_FITTER_PRESERVATION_LEVEL PLACEMENT_AND_ROUTING -section_id Top
set_global_assignment -name PARTITION_COLOR 16764057 -section_id Top
set_global_assignment -name POWER_PRESET_COOLING_SOLUTION "23 MM HEAT SINK WITH 200 LFPM AIRFLOW"
set_global_assignment -name POWER_BOARD_THERMAL_MODEL "NONE (CONSERVATIVE)"
set_global_assignment -name TIMING_ANALYZER_MULTICORNER_ANALYSIS ON
set_global_assignment -name NUM_PARALLEL_PROCESSORS 11
set_global_assignment -name SMART_RECOMPILE ON
set_global_assignment -name OPTIMIZATION_MODE BALANCED
set_global_assignment -name VERILOG_INPUT_VERSION SYSTEMVERILOG_2005
set_global_assignment -name VERILOG_SHOW_LMF_MAPPING_MESSAGES OFF
set_global_assignment -name ENABLE_OCT_DONE OFF
set_global_assignment -name USE_CONFIGURATION_DEVICE OFF
set_global_assignment -name CRC_ERROR_OPEN_DRAIN OFF
set_global_assignment -name RESERVE_ALL_UNUSED_PINS_WEAK_PULLUP "AS INPUT TRI-STATED"
set_global_assignment -name OUTPUT_IO_TIMING_NEAR_END_VMEAS "HALF VCCIO" -rise
set_global_assignment -name OUTPUT_IO_TIMING_NEAR_END_VMEAS "HALF VCCIO" -fall
set_global_assignment -name OUTPUT_IO_TIMING_FAR_END_VMEAS "HALF SIGNAL SWING" -rise
set_global_assignment -name OUTPUT_IO_TIMING_FAR_END_VMEAS "HALF SIGNAL SWING" -fall
set_location_assignment PIN_AB28 -to RESET
set_location_assignment PIN_Y23 -to systeminput[1][31]
set_location_assignment PIN_Y24 -to systeminput[1][30]
set_location_assignment PIN_AA22 -to systeminput[1][29]
set_location_assignment PIN_AA23 -to systeminput[1][28]
set_location_assignment PIN_AA24 -to systeminput[1][27]
set_location_assignment PIN_AB23 -to systeminput[1][26]
set_location_assignment PIN_AB24 -to systeminput[1][25]
set_location_assignment PIN_AC24 -to systeminput[1][24]
set_location_assignment PIN_AB25 -to systeminput[1][23]
set_location_assignment PIN_AC25 -to systeminput[1][22]
set_location_assignment PIN_AB26 -to systeminput[1][21]
set_location_assignment PIN_AD26 -to systeminput[1][20]
set_location_assignment PIN_AC26 -to systeminput[1][19]
set_location_assignment PIN_AB27 -to systeminput[1][18]
set_location_assignment PIN_AD27 -to systeminput[1][17]
set_location_assignment PIN_AC27 -to systeminput[1][16]
set_location_assignment PIN_G18 -to systemoutput[0][0]
set_location_assignment PIN_F22 -to systemoutput[0][1]
set_location_assignment PIN_E17 -to systemoutput[0][2]
set_location_assignment PIN_L26 -to systemoutput[0][3]
set_location_assignment PIN_L25 -to systemoutput[0][4]
set_location_assignment PIN_J22 -to systemoutput[0][5]
set_location_assignment PIN_H22 -to systemoutput[0][6]
set_location_assignment PIN_M24 -to systemoutput[0][8]
set_location_assignment PIN_Y22 -to systemoutput[0][9]
set_location_assignment PIN_W21 -to systemoutput[0][10]
set_location_assignment PIN_W22 -to systemoutput[0][11]
set_location_assignment PIN_W25 -to systemoutput[0][12]
set_location_assignment PIN_U23 -to systemoutput[0][13]
set_location_assignment PIN_U24 -to systemoutput[0][14]
set_location_assignment PIN_AA25 -to systemoutput[0][16]
set_location_assignment PIN_AA26 -to systemoutput[0][17]
set_location_assignment PIN_Y25 -to systemoutput[0][18]
set_location_assignment PIN_W26 -to systemoutput[0][19]
set_location_assignment PIN_Y26 -to systemoutput[0][20]
set_location_assignment PIN_W27 -to systemoutput[0][21]
set_location_assignment PIN_W28 -to systemoutput[0][22]
set_location_assignment PIN_V21 -to systemoutput[0][24]
set_location_assignment PIN_U21 -to systemoutput[0][25]
set_location_assignment PIN_AB20 -to systemoutput[0][26]
set_location_assignment PIN_AA21 -to systemoutput[0][27]
set_location_assignment PIN_AD24 -to systemoutput[0][28]
set_location_assignment PIN_AF23 -to systemoutput[0][29]
set_location_assignment PIN_Y19 -to systemoutput[0][30]
set_global_assignment -name ENABLE_BENEFICIAL_SKEW_OPTIMIZATION ON
set_global_assignment -name OPTIMIZE_TIMING OFF
set_global_assignment -name FITTER_EFFORT "FAST FIT"
set_location_assignment PIN_Y2 -to clk_i
set_global_assignment -name SYSTEMVERILOG_FILE rv32im.sv
set_global_assignment -name SYSTEMVERILOG_FILE regfile.sv
set_global_assignment -name SYSTEMVERILOG_FILE integ.sv
set_global_assignment -name SYSTEMVERILOG_FILE inst_memory.sv
set_global_assignment -name SYSTEMVERILOG_FILE immediate_generator.sv
set_global_assignment -name SYSTEMVERILOG_FILE data_structures.sv
set_global_assignment -name SYSTEMVERILOG_FILE data_memory.sv
set_global_assignment -name SYSTEMVERILOG_FILE control_unit.sv
set_global_assignment -name SYSTEMVERILOG_FILE branch_unit.sv
set_global_assignment -name SYSTEMVERILOG_FILE alu.sv
set_instance_assignment -name PARTITION_HIERARCHY root_partition -to | -section_id Top